
Microsoft Visual Studio Solution File, Format Version 12.00
# Visual Studio Version 17
VisualStudioVersion = 17.0.32112.339
MinimumVisualStudioVersion = 10.0.40219.1
Project("{8BC9CEB8-8B4A-11D0-8D11-00A0C91BC942}") = "OOP_9_1_2", "OOP_9_1_2\OOP_9_1_2.vcxproj", "{82C88F34-35F0-4295-8B04-0CAE49CF50AE}"
EndProject
Global
	GlobalSection(SolutionConfigurationPlatforms) = preSolution
		Debug|x64 = Debug|x64
		Debug|x86 = Debug|x86
		Release|x64 = Release|x64
		Release|x86 = Release|x86
	EndGlobalSection
	GlobalSection(ProjectConfigurationPlatforms) = postSolution
		{82C88F34-35F0-4295-8B04-0CAE49CF50AE}.Debug|x64.ActiveCfg = Debug|x64
		{82C88F34-35F0-4295-8B04-0CAE49CF50AE}.Debug|x64.Build.0 = Debug|x64
		{82C88F34-35F0-4295-8B04-0CAE49CF50AE}.Debug|x86.ActiveCfg = Debug|Win32
		{82C88F34-35F0-4295-8B04-0CAE49CF50AE}.Debug|x86.Build.0 = Debug|Win32
		{82C88F34-35F0-4295-8B04-0CAE49CF50AE}.Release|x64.ActiveCfg = Release|x64
		{82C88F34-35F0-4295-8B04-0CAE49CF50AE}.Release|x64.Build.0 = Release|x64
		{82C88F34-35F0-4295-8B04-0CAE49CF50AE}.Release|x86.ActiveCfg = Release|Win32
		{82C88F34-35F0-4295-8B04-0CAE49CF50AE}.Release|x86.Build.0 = Release|Win32
	EndGlobalSection
	GlobalSection(SolutionProperties) = preSolution
		HideSolutionNode = FALSE
	EndGlobalSection
	GlobalSection(ExtensibilityGlobals) = postSolution
		SolutionGuid = {7D547C62-BD80-40E1-B72A-EF6901E25BD8}
	EndGlobalSection
EndGlobal
